// !$*UTF8*$!
{
	archiveVersion = 1;
	classes = {
	};
	objectVersion = 56;
	objects = {

/* Begin PBXBuildFile section */
		08AF3B20298183BB006B89D4 /* AppDelegate.swift in Sources */ = {isa = PBXBuildFile; fileRef = 08AF3B1F298183BB006B89D4 /* AppDelegate.swift */; };
		08AF3B24298183BB006B89D4 /* ContentViewController.swift in Sources */ = {isa = PBXBuildFile; fileRef = 08AF3B23298183BB006B89D4 /* ContentViewController.swift */; };
		08AF3B29298183BD006B89D4 /* Assets.xcassets in Resources */ = {isa = PBXBuildFile; fileRef = 08AF3B28298183BD006B89D4 /* Assets.xcassets */; };
		08AF3B2C298183BD006B89D4 /* LaunchScreen.storyboard in Resources */ = {isa = PBXBuildFile; fileRef = 08AF3B2A298183BD006B89D4 /* LaunchScreen.storyboard */; };
		08AF3B37298183BD006B89D4 /* RodoSampleAppTests.swift in Sources */ = {isa = PBXBuildFile; fileRef = 08AF3B36298183BD006B89D4 /* RodoSampleAppTests.swift */; };
		08AF3B41298183BD006B89D4 /* RodoSampleAppUITests.swift in Sources */ = {isa = PBXBuildFile; fileRef = 08AF3B40298183BD006B89D4 /* RodoSampleAppUITests.swift */; };
		08AF3B43298183BD006B89D4 /* RodoSampleAppUITestsLaunchTests.swift in Sources */ = {isa = PBXBuildFile; fileRef = 08AF3B42298183BD006B89D4 /* RodoSampleAppUITestsLaunchTests.swift */; };
		08AF3B50298184DD006B89D4 /* HomeViewController.swift in Sources */ = {isa = PBXBuildFile; fileRef = 08AF3B4F298184DD006B89D4 /* HomeViewController.swift */; };
		08AF3B5229818525006B89D4 /* UIExtensions.swift in Sources */ = {isa = PBXBuildFile; fileRef = 08AF3B5129818524006B89D4 /* UIExtensions.swift */; };
		08AF3B5829818758006B89D4 /* InventoryListModel.swift in Sources */ = {isa = PBXBuildFile; fileRef = 08AF3B5729818758006B89D4 /* InventoryListModel.swift */; };
		08AF3B5A2981880B006B89D4 /* Exercise_Dataset.json in Resources */ = {isa = PBXBuildFile; fileRef = 08AF3B592981880B006B89D4 /* Exercise_Dataset.json */; };
		08AF3B5C29818EC5006B89D4 /* RodoSampleAppUIStyleSettings.swift in Sources */ = {isa = PBXBuildFile; fileRef = 08AF3B5B29818EC5006B89D4 /* RodoSampleAppUIStyleSettings.swift */; };
		08AF3B5E2981C05B006B89D4 /* VehicleTypeViewController.swift in Sources */ = {isa = PBXBuildFile; fileRef = 08AF3B5D2981C05B006B89D4 /* VehicleTypeViewController.swift */; };
		08AF3B602981EBC4006B89D4 /* HomeViewControllerViewModel.swift in Sources */ = {isa = PBXBuildFile; fileRef = 08AF3B5F2981EBC4006B89D4 /* HomeViewControllerViewModel.swift */; };
/* End PBXBuildFile section */

/* Begin PBXContainerItemProxy section */
		08AF3B33298183BD006B89D4 /* PBXContainerItemProxy */ = {
			isa = PBXContainerItemProxy;
			containerPortal = 08AF3B14298183BB006B89D4 /* Project object */;
			proxyType = 1;
			remoteGlobalIDString = 08AF3B1B298183BB006B89D4;
			remoteInfo = RodoSampleApp;
		};
		08AF3B3D298183BD006B89D4 /* PBXContainerItemProxy */ = {
			isa = PBXContainerItemProxy;
			containerPortal = 08AF3B14298183BB006B89D4 /* Project object */;
			proxyType = 1;
			remoteGlobalIDString = 08AF3B1B298183BB006B89D4;
			remoteInfo = RodoSampleApp;
		};
/* End PBXContainerItemProxy section */

/* Begin PBXFileReference section */
		08AF3B1C298183BB006B89D4 /* RodoSampleApp.app */ = {isa = PBXFileReference; explicitFileType = wrapper.application; includeInIndex = 0; path = RodoSampleApp.app; sourceTree = BUILT_PRODUCTS_DIR; };
		08AF3B1F298183BB006B89D4 /* AppDelegate.swift */ = {isa = PBXFileReference; lastKnownFileType = sourcecode.swift; path = AppDelegate.swift; sourceTree = "<group>"; };
		08AF3B23298183BB006B89D4 /* ContentViewController.swift */ = {isa = PBXFileReference; lastKnownFileType = sourcecode.swift; path = ContentViewController.swift; sourceTree = "<group>"; };
		08AF3B28298183BD006B89D4 /* Assets.xcassets */ = {isa = PBXFileReference; lastKnownFileType = folder.assetcatalog; path = Assets.xcassets; sourceTree = "<group>"; };
		08AF3B2B298183BD006B89D4 /* Base */ = {isa = PBXFileReference; lastKnownFileType = file.storyboard; name = Base; path = Base.lproj/LaunchScreen.storyboard; sourceTree = "<group>"; };
		08AF3B32298183BD006B89D4 /* RodoSampleAppTests.xctest */ = {isa = PBXFileReference; explicitFileType = wrapper.cfbundle; includeInIndex = 0; path = RodoSampleAppTests.xctest; sourceTree = BUILT_PRODUCTS_DIR; };
		08AF3B36298183BD006B89D4 /* RodoSampleAppTests.swift */ = {isa = PBXFileReference; lastKnownFileType = sourcecode.swift; path = RodoSampleAppTests.swift; sourceTree = "<group>"; };
		08AF3B3C298183BD006B89D4 /* RodoSampleAppUITests.xctest */ = {isa = PBXFileReference; explicitFileType = wrapper.cfbundle; includeInIndex = 0; path = RodoSampleAppUITests.xctest; sourceTree = BUILT_PRODUCTS_DIR; };
		08AF3B40298183BD006B89D4 /* RodoSampleAppUITests.swift */ = {isa = PBXFileReference; lastKnownFileType = sourcecode.swift; path = RodoSampleAppUITests.swift; sourceTree = "<group>"; };
		08AF3B42298183BD006B89D4 /* RodoSampleAppUITestsLaunchTests.swift */ = {isa = PBXFileReference; lastKnownFileType = sourcecode.swift; path = RodoSampleAppUITestsLaunchTests.swift; sourceTree = "<group>"; };
		08AF3B4F298184DD006B89D4 /* HomeViewController.swift */ = {isa = PBXFileReference; lastKnownFileType = sourcecode.swift; path = HomeViewController.swift; sourceTree = "<group>"; };
		08AF3B5129818524006B89D4 /* UIExtensions.swift */ = {isa = PBXFileReference; lastKnownFileType = sourcecode.swift; path = UIExtensions.swift; sourceTree = "<group>"; };
		08AF3B5529818627006B89D4 /* Info.plist */ = {isa = PBXFileReference; fileEncoding = 4; lastKnownFileType = text.plist.xml; path = Info.plist; sourceTree = "<group>"; };
		08AF3B5729818758006B89D4 /* InventoryListModel.swift */ = {isa = PBXFileReference; lastKnownFileType = sourcecode.swift; path = InventoryListModel.swift; sourceTree = "<group>"; };
		08AF3B592981880B006B89D4 /* Exercise_Dataset.json */ = {isa = PBXFileReference; fileEncoding = 4; lastKnownFileType = text.json; path = Exercise_Dataset.json; sourceTree = "<group>"; };
		08AF3B5B29818EC5006B89D4 /* RodoSampleAppUIStyleSettings.swift */ = {isa = PBXFileReference; lastKnownFileType = sourcecode.swift; path = RodoSampleAppUIStyleSettings.swift; sourceTree = "<group>"; };
		08AF3B5D2981C05B006B89D4 /* VehicleTypeViewController.swift */ = {isa = PBXFileReference; lastKnownFileType = sourcecode.swift; path = VehicleTypeViewController.swift; sourceTree = "<group>"; };
		08AF3B5F2981EBC4006B89D4 /* HomeViewControllerViewModel.swift */ = {isa = PBXFileReference; lastKnownFileType = sourcecode.swift; path = HomeViewControllerViewModel.swift; sourceTree = "<group>"; };
/* End PBXFileReference section */

/* Begin PBXFrameworksBuildPhase section */
		08AF3B19298183BB006B89D4 /* Frameworks */ = {
			isa = PBXFrameworksBuildPhase;
			buildActionMask = 2147483647;
			files = (
			);
			runOnlyForDeploymentPostprocessing = 0;
		};
		08AF3B2F298183BD006B89D4 /* Frameworks */ = {
			isa = PBXFrameworksBuildPhase;
			buildActionMask = 2147483647;
			files = (
			);
			runOnlyForDeploymentPostprocessing = 0;
		};
		08AF3B39298183BD006B89D4 /* Frameworks */ = {
			isa = PBXFrameworksBuildPhase;
			buildActionMask = 2147483647;
			files = (
			);
			runOnlyForDeploymentPostprocessing = 0;
		};
/* End PBXFrameworksBuildPhase section */

/* Begin PBXGroup section */
		0896F30D298314CE00AE4C84 /* Resources */ = {
			isa = PBXGroup;
			children = (
				08AF3B2A298183BD006B89D4 /* LaunchScreen.storyboard */,
				08AF3B592981880B006B89D4 /* Exercise_Dataset.json */,
				08AF3B28298183BD006B89D4 /* Assets.xcassets */,
			);
			path = Resources;
			sourceTree = "<group>";
		};
		08AF3B13298183BB006B89D4 = {
			isa = PBXGroup;
			children = (
				08AF3B1E298183BB006B89D4 /* RodoSampleApp */,
				08AF3B35298183BD006B89D4 /* RodoSampleAppTests */,
				08AF3B3F298183BD006B89D4 /* RodoSampleAppUITests */,
				08AF3B1D298183BB006B89D4 /* Products */,
			);
			sourceTree = "<group>";
		};
		08AF3B1D298183BB006B89D4 /* Products */ = {
			isa = PBXGroup;
			children = (
				08AF3B1C298183BB006B89D4 /* RodoSampleApp.app */,
				08AF3B32298183BD006B89D4 /* RodoSampleAppTests.xctest */,
				08AF3B3C298183BD006B89D4 /* RodoSampleAppUITests.xctest */,
			);
			name = Products;
			sourceTree = "<group>";
		};
		08AF3B1E298183BB006B89D4 /* RodoSampleApp */ = {
			isa = PBXGroup;
			children = (
				08AF3B1F298183BB006B89D4 /* AppDelegate.swift */,
				08AF3B5729818758006B89D4 /* InventoryListModel.swift */,
				08AF3B5F2981EBC4006B89D4 /* HomeViewControllerViewModel.swift */,
				08AF3B23298183BB006B89D4 /* ContentViewController.swift */,
				08AF3B4F298184DD006B89D4 /* HomeViewController.swift */,
				08AF3B5D2981C05B006B89D4 /* VehicleTypeViewController.swift */,
				08AF3B5129818524006B89D4 /* UIExtensions.swift */,
				08AF3B5B29818EC5006B89D4 /* RodoSampleAppUIStyleSettings.swift */,
				0896F30D298314CE00AE4C84 /* Resources */,
				08AF3B5529818627006B89D4 /* Info.plist */,
			);
			path = RodoSampleApp;
			sourceTree = "<group>";
		};
		08AF3B35298183BD006B89D4 /* RodoSampleAppTests */ = {
			isa = PBXGroup;
			children = (
				08AF3B36298183BD006B89D4 /* RodoSampleAppTests.swift */,
			);
			path = RodoSampleAppTests;
			sourceTree = "<group>";
		};
		08AF3B3F298183BD006B89D4 /* RodoSampleAppUITests */ = {
			isa = PBXGroup;
			children = (
				08AF3B40298183BD006B89D4 /* RodoSampleAppUITests.swift */,
				08AF3B42298183BD006B89D4 /* RodoSampleAppUITestsLaunchTests.swift */,
			);
			path = RodoSampleAppUITests;
			sourceTree = "<group>";
		};
/* End PBXGroup section */

/* Begin PBXNativeTarget section */
		08AF3B1B298183BB006B89D4 /* RodoSampleApp */ = {
			isa = PBXNativeTarget;
			buildConfigurationList = 08AF3B46298183BD006B89D4 /* Build configuration list for PBXNativeTarget "RodoSampleApp" */;
			buildPhases = (
				08AF3B18298183BB006B89D4 /* Sources */,
				08AF3B19298183BB006B89D4 /* Frameworks */,
				08AF3B1A298183BB006B89D4 /* Resources */,
			);
			buildRules = (
			);
			dependencies = (
			);
			name = RodoSampleApp;
			productName = RodoSampleApp;
			productReference = 08AF3B1C298183BB006B89D4 /* RodoSampleApp.app */;
			productType = "com.apple.product-type.application";
		};
		08AF3B31298183BD006B89D4 /* RodoSampleAppTests */ = {
			isa = PBXNativeTarget;
			buildConfigurationList = 08AF3B49298183BD006B89D4 /* Build configuration list for PBXNativeTarget "RodoSampleAppTests" */;
			buildPhases = (
				08AF3B2E298183BD006B89D4 /* Sources */,
				08AF3B2F298183BD006B89D4 /* Frameworks */,
				08AF3B30298183BD006B89D4 /* Resources */,
			);
			buildRules = (
			);
			dependencies = (
				08AF3B34298183BD006B89D4 /* PBXTargetDependency */,
			);
			name = RodoSampleAppTests;
			productName = RodoSampleAppTests;
			productReference = 08AF3B32298183BD006B89D4 /* RodoSampleAppTests.xctest */;
			productType = "com.apple.product-type.bundle.unit-test";
		};
		08AF3B3B298183BD006B89D4 /* RodoSampleAppUITests */ = {
			isa = PBXNativeTarget;
			buildConfigurationList = 08AF3B4C298183BD006B89D4 /* Build configuration list for PBXNativeTarget "RodoSampleAppUITests" */;
			buildPhases = (
				08AF3B38298183BD006B89D4 /* Sources */,
				08AF3B39298183BD006B89D4 /* Frameworks */,
				08AF3B3A298183BD006B89D4 /* Resources */,
			);
			buildRules = (
			);
			dependencies = (
				08AF3B3E298183BD006B89D4 /* PBXTargetDependency */,
			);
			name = RodoSampleAppUITests;
			productName = RodoSampleAppUITests;
			productReference = 08AF3B3C298183BD006B89D4 /* RodoSampleAppUITests.xctest */;
			productType = "com.apple.product-type.bundle.ui-testing";
		};
/* End PBXNativeTarget section */

/* Begin PBXProject section */
		08AF3B14298183BB006B89D4 /* Project object */ = {
			isa = PBXProject;
			attributes = {
				BuildIndependentTargetsInParallel = 1;
				LastSwiftUpdateCheck = 1420;
				LastUpgradeCheck = 1420;
				TargetAttributes = {
					08AF3B1B298183BB006B89D4 = {
						CreatedOnToolsVersion = 14.2;
					};
					08AF3B31298183BD006B89D4 = {
						CreatedOnToolsVersion = 14.2;
						TestTargetID = 08AF3B1B298183BB006B89D4;
					};
					08AF3B3B298183BD006B89D4 = {
						CreatedOnToolsVersion = 14.2;
						TestTargetID = 08AF3B1B298183BB006B89D4;
					};
				};
			};
			buildConfigurationList = 08AF3B17298183BB006B89D4 /* Build configuration list for PBXProject "RodoSampleApp" */;
			compatibilityVersion = "Xcode 14.0";
			developmentRegion = en;
			hasScannedForEncodings = 0;
			knownRegions = (
				en,
				Base,
			);
			mainGroup = 08AF3B13298183BB006B89D4;
			productRefGroup = 08AF3B1D298183BB006B89D4 /* Products */;
			projectDirPath = "";
			projectRoot = "";
			targets = (
				08AF3B1B298183BB006B89D4 /* RodoSampleApp */,
				08AF3B31298183BD006B89D4 /* RodoSampleAppTests */,
				08AF3B3B298183BD006B89D4 /* RodoSampleAppUITests */,
			);
		};
/* End PBXProject section */

/* Begin PBXResourcesBuildPhase section */
		08AF3B1A298183BB006B89D4 /* Resources */ = {
			isa = PBXResourcesBuildPhase;
			buildActionMask = 2147483647;
			files = (
				08AF3B2C298183BD006B89D4 /* LaunchScreen.storyboard in Resources */,
				08AF3B5A2981880B006B89D4 /* Exercise_Dataset.json in Resources */,
				08AF3B29298183BD006B89D4 /* Assets.xcassets in Resources */,
			);
			runOnlyForDeploymentPostprocessing = 0;
		};
		08AF3B30298183BD006B89D4 /* Resources */ = {
			isa = PBXResourcesBuildPhase;
			buildActionMask = 2147483647;
			files = (
			);
			runOnlyForDeploymentPostprocessing = 0;
		};
		08AF3B3A298183BD006B89D4 /* Resources */ = {
			isa = PBXResourcesBuildPhase;
			buildActionMask = 2147483647;
			files = (
			);
			runOnlyForDeploymentPostprocessing = 0;
		};
/* End PBXResourcesBuildPhase section */

/* Begin PBXSourcesBuildPhase section */
		08AF3B18298183BB006B89D4 /* Sources */ = {
			isa = PBXSourcesBuildPhase;
			buildActionMask = 2147483647;
			files = (
				08AF3B602981EBC4006B89D4 /* HomeViewControllerViewModel.swift in Sources */,
				08AF3B5829818758006B89D4 /* InventoryListModel.swift in Sources */,
				08AF3B24298183BB006B89D4 /* ContentViewController.swift in Sources */,
				08AF3B5E2981C05B006B89D4 /* VehicleTypeViewController.swift in Sources */,
				08AF3B20298183BB006B89D4 /* AppDelegate.swift in Sources */,
				08AF3B50298184DD006B89D4 /* HomeViewController.swift in Sources */,
				08AF3B5C29818EC5006B89D4 /* RodoSampleAppUIStyleSettings.swift in Sources */,
				08AF3B5229818525006B89D4 /* UIExtensions.swift in Sources */,
			);
			runOnlyForDeploymentPostprocessing = 0;
		};
		08AF3B2E298183BD006B89D4 /* Sources */ = {
			isa = PBXSourcesBuildPhase;
			buildActionMask = 2147483647;
			files = (
				08AF3B37298183BD006B89D4 /* RodoSampleAppTests.swift in Sources */,
			);
			runOnlyForDeploymentPostprocessing = 0;
		};
		08AF3B38298183BD006B89D4 /* Sources */ = {
			isa = PBXSourcesBuildPhase;
			buildActionMask = 2147483647;
			files = (
				08AF3B43298183BD006B89D4 /* RodoSampleAppUITestsLaunchTests.swift in Sources */,
				08AF3B41298183BD006B89D4 /* RodoSampleAppUITests.swift in Sources */,
			);
			runOnlyForDeploymentPostprocessing = 0;
		};
/* End PBXSourcesBuildPhase section */

/* Begin PBXTargetDependency section */
		08AF3B34298183BD006B89D4 /* PBXTargetDependency */ = {
			isa = PBXTargetDependency;
			target = 08AF3B1B298183BB006B89D4 /* RodoSampleApp */;
			targetProxy = 08AF3B33298183BD006B89D4 /* PBXContainerItemProxy */;
		};
		08AF3B3E298183BD006B89D4 /* PBXTargetDependency */ = {
			isa = PBXTargetDependency;
			target = 08AF3B1B298183BB006B89D4 /* RodoSampleApp */;
			targetProxy = 08AF3B3D298183BD006B89D4 /* PBXContainerItemProxy */;
		};
/* End PBXTargetDependency section */

/* Begin PBXVariantGroup section */
		08AF3B2A298183BD006B89D4 /* LaunchScreen.storyboard */ = {
			isa = PBXVariantGroup;
			children = (
				08AF3B2B298183BD006B89D4 /* Base */,
			);
			name = LaunchScreen.storyboard;
			sourceTree = "<group>";
		};
/* End PBXVariantGroup section */

/* Begin XCBuildConfiguration section */
		08AF3B44298183BD006B89D4 /* Debug */ = {
			isa = XCBuildConfiguration;
			buildSettings = {
				ALWAYS_SEARCH_USER_PATHS = NO;
				CLANG_ANALYZER_NONNULL = YES;
				CLANG_ANALYZER_NUMBER_OBJECT_CONVERSION = YES_AGGRESSIVE;
				CLANG_CXX_LANGUAGE_STANDARD = "gnu++20";
				CLANG_ENABLE_MODULES = YES;
				CLANG_ENABLE_OBJC_ARC = YES;
				CLANG_ENABLE_OBJC_WEAK = YES;
				CLANG_WARN_BLOCK_CAPTURE_AUTORELEASING = YES;
				CLANG_WARN_BOOL_CONVERSION = YES;
				CLANG_WARN_COMMA = YES;
				CLANG_WARN_CONSTANT_CONVERSION = YES;
				CLANG_WARN_DEPRECATED_OBJC_IMPLEMENTATIONS = YES;
				CLANG_WARN_DIRECT_OBJC_ISA_USAGE = YES_ERROR;
				CLANG_WARN_DOCUMENTATION_COMMENTS = YES;
				CLANG_WARN_EMPTY_BODY = YES;
				CLANG_WARN_ENUM_CONVERSION = YES;
				CLANG_WARN_INFINITE_RECURSION = YES;
				CLANG_WARN_INT_CONVERSION = YES;
				CLANG_WARN_NON_LITERAL_NULL_CONVERSION = YES;
				CLANG_WARN_OBJC_IMPLICIT_RETAIN_SELF = YES;
				CLANG_WARN_OBJC_LITERAL_CONVERSION = YES;
				CLANG_WARN_OBJC_ROOT_CLASS = YES_ERROR;
				CLANG_WARN_QUOTED_INCLUDE_IN_FRAMEWORK_HEADER = YES;
				CLANG_WARN_RANGE_LOOP_ANALYSIS = YES;
				CLANG_WARN_STRICT_PROTOTYPES = YES;
				CLANG_WARN_SUSPICIOUS_MOVE = YES;
				CLANG_WARN_UNGUARDED_AVAILABILITY = YES_AGGRESSIVE;
				CLANG_WARN_UNREACHABLE_CODE = YES;
				CLANG_WARN__DUPLICATE_METHOD_MATCH = YES;
				COPY_PHASE_STRIP = NO;
				DEBUG_INFORMATION_FORMAT = dwarf;
				ENABLE_STRICT_OBJC_MSGSEND = YES;
				ENABLE_TESTABILITY = YES;
				GCC_C_LANGUAGE_STANDARD = gnu11;
				GCC_DYNAMIC_NO_PIC = NO;
				GCC_NO_COMMON_BLOCKS = YES;
				GCC_OPTIMIZATION_LEVEL = 0;
				GCC_PREPROCESSOR_DEFINITIONS = (
					"DEBUG=1",
					"$(inherited)",
				);
				GCC_WARN_64_TO_32_BIT_CONVERSION = YES;
				GCC_WARN_ABOUT_RETURN_TYPE = YES_ERROR;
				GCC_WARN_UNDECLARED_SELECTOR = YES;
				GCC_WARN_UNINITIALIZED_AUTOS = YES_AGGRESSIVE;
				GCC_WARN_UNUSED_FUNCTION = YES;
				GCC_WARN_UNUSED_VARIABLE = YES;
				IPHONEOS_DEPLOYMENT_TARGET = 11.0;
				MTL_ENABLE_DEBUG_INFO = INCLUDE_SOURCE;
				MTL_FAST_MATH = YES;
				ONLY_ACTIVE_ARCH = YES;
				SDKROOT = iphoneos;
				SWIFT_ACTIVE_COMPILATION_CONDITIONS = DEBUG;
				SWIFT_OPTIMIZATION_LEVEL = "-Onone";
			};
			name = Debug;
		};
		08AF3B45298183BD006B89D4 /* Release */ = {
			isa = XCBuildConfiguration;
			buildSettings = {
				ALWAYS_SEARCH_USER_PATHS = NO;
				CLANG_ANALYZER_NONNULL = YES;
				CLANG_ANALYZER_NUMBER_OBJECT_CONVERSION = YES_AGGRESSIVE;
				CLANG_CXX_LANGUAGE_STANDARD = "gnu++20";
				CLANG_ENABLE_MODULES = YES;
				CLANG_ENABLE_OBJC_ARC = YES;
				CLANG_ENABLE_OBJC_WEAK = YES;
				CLANG_WARN_BLOCK_CAPTURE_AUTORELEASING = YES;
				CLANG_WARN_BOOL_CONVERSION = YES;
				CLANG_WARN_COMMA = YES;
				CLANG_WARN_CONSTANT_CONVERSION = YES;
				CLANG_WARN_DEPRECATED_OBJC_IMPLEMENTATIONS = YES;
				CLANG_WARN_DIRECT_OBJC_ISA_USAGE = YES_ERROR;
				CLANG_WARN_DOCUMENTATION_COMMENTS = YES;
				CLANG_WARN_EMPTY_BODY = YES;
				CLANG_WARN_ENUM_CONVERSION = YES;
				CLANG_WARN_INFINITE_RECURSION = YES;
				CLANG_WARN_INT_CONVERSION = YES;
				CLANG_WARN_NON_LITERAL_NULL_CONVERSION = YES;
				CLANG_WARN_OBJC_IMPLICIT_RETAIN_SELF = YES;
				CLANG_WARN_OBJC_LITERAL_CONVERSION = YES;
				CLANG_WARN_OBJC_ROOT_CLASS = YES_ERROR;
				CLANG_WARN_QUOTED_INCLUDE_IN_FRAMEWORK_HEADER = YES;
				CLANG_WARN_RANGE_LOOP_ANALYSIS = YES;
				CLANG_WARN_STRICT_PROTOTYPES = YES;
				CLANG_WARN_SUSPICIOUS_MOVE = YES;
				CLANG_WARN_UNGUARDED_AVAILABILITY = YES_AGGRESSIVE;
				CLANG_WARN_UNREACHABLE_CODE = YES;
				CLANG_WARN__DUPLICATE_METHOD_MATCH = YES;
				COPY_PHASE_STRIP = NO;
				DEBUG_INFORMATION_FORMAT = "dwarf-with-dsym";
				ENABLE_NS_ASSERTIONS = NO;
				ENABLE_STRICT_OBJC_MSGSEND = YES;
				GCC_C_LANGUAGE_STANDARD = gnu11;
				GCC_NO_COMMON_BLOCKS = YES;
				GCC_WARN_64_TO_32_BIT_CONVERSION = YES;
				GCC_WARN_ABOUT_RETURN_TYPE = YES_ERROR;
				GCC_WARN_UNDECLARED_SELECTOR = YES;
				GCC_WARN_UNINITIALIZED_AUTOS = YES_AGGRESSIVE;
				GCC_WARN_UNUSED_FUNCTION = YES;
				GCC_WARN_UNUSED_VARIABLE = YES;
				IPHONEOS_DEPLOYMENT_TARGET = 11.0;
				MTL_ENABLE_DEBUG_INFO = NO;
				MTL_FAST_MATH = YES;
				SDKROOT = iphoneos;
				SWIFT_COMPILATION_MODE = wholemodule;
				SWIFT_OPTIMIZATION_LEVEL = "-O";
				VALIDATE_PRODUCT = YES;
			};
			name = Release;
		};
		08AF3B47298183BD006B89D4 /* Debug */ = {
			isa = XCBuildConfiguration;
			buildSettings = {
				ASSETCATALOG_COMPILER_APPICON_NAME = AppIcon;
				ASSETCATALOG_COMPILER_GLOBAL_ACCENT_COLOR_NAME = AccentColor;
				CODE_SIGN_STYLE = Automatic;
				CURRENT_PROJECT_VERSION = 1;
				GENERATE_INFOPLIST_FILE = YES;
				INFOPLIST_FILE = RodoSampleApp/Info.plist;
				INFOPLIST_KEY_UIApplicationSupportsIndirectInputEvents = YES;
				INFOPLIST_KEY_UILaunchStoryboardName = LaunchScreen;
				INFOPLIST_KEY_UISupportedInterfaceOrientations_iPad = "UIInterfaceOrientationPortrait UIInterfaceOrientationPortraitUpsideDown UIInterfaceOrientationLandscapeLeft UIInterfaceOrientationLandscapeRight";
				INFOPLIST_KEY_UISupportedInterfaceOrientations_iPhone = "UIInterfaceOrientationPortrait UIInterfaceOrientationLandscapeLeft UIInterfaceOrientationLandscapeRight";
				LD_RUNPATH_SEARCH_PATHS = (
					"$(inherited)",
					"@executable_path/Frameworks",
				);
				MARKETING_VERSION = 1.0;
				PRODUCT_BUNDLE_IDENTIFIER = com.danielperez.RodoSampleApp;
				PRODUCT_NAME = "$(TARGET_NAME)";
				SWIFT_EMIT_LOC_STRINGS = YES;
				SWIFT_VERSION = 5.0;
				TARGETED_DEVICE_FAMILY = "1,2";
			};
			name = Debug;
		};
		08AF3B48298183BD006B89D4 /* Release */ = {
			isa = XCBuildConfiguration;
			buildSettings = {
				ASSETCATALOG_COMPILER_APPICON_NAME = AppIcon;
				ASSETCATALOG_COMPILER_GLOBAL_ACCENT_COLOR_NAME = AccentColor;
				CODE_SIGN_STYLE = Automatic;
				CURRENT_PROJECT_VERSION = 1;
				GENERATE_INFOPLIST_FILE = YES;
				INFOPLIST_FILE = RodoSampleApp/Info.plist;
				INFOPLIST_KEY_UIApplicationSupportsIndirectInputEvents = YES;
				INFOPLIST_KEY_UILaunchStoryboardName = LaunchScreen;
				INFOPLIST_KEY_UISupportedInterfaceOrientations_iPad = "UIInterfaceOrientationPortrait UIInterfaceOrientationPortraitUpsideDown UIInterfaceOrientationLandscapeLeft UIInterfaceOrientationLandscapeRight";
				INFOPLIST_KEY_UISupportedInterfaceOrientations_iPhone = "UIInterfaceOrientationPortrait UIInterfaceOrientationLandscapeLeft UIInterfaceOrientationLandscapeRight";
				LD_RUNPATH_SEARCH_PATHS = (
					"$(inherited)",
					"@executable_path/Frameworks",
				);
				MARKETING_VERSION = 1.0;
				PRODUCT_BUNDLE_IDENTIFIER = com.danielperez.RodoSampleApp;
				PRODUCT_NAME = "$(TARGET_NAME)";
				SWIFT_EMIT_LOC_STRINGS = YES;
				SWIFT_VERSION = 5.0;
				TARGETED_DEVICE_FAMILY = "1,2";
			};
			name = Release;
		};
		08AF3B4A298183BD006B89D4 /* Debug */ = {
			isa = XCBuildConfiguration;
			buildSettings = {
				ALWAYS_EMBED_SWIFT_STANDARD_LIBRARIES = YES;
				BUNDLE_LOADER = "$(TEST_HOST)";
				CODE_SIGN_STYLE = Automatic;
				CURRENT_PROJECT_VERSION = 1;
				GENERATE_INFOPLIST_FILE = YES;
				IPHONEOS_DEPLOYMENT_TARGET = 16.2;
				MARKETING_VERSION = 1.0;
				PRODUCT_BUNDLE_IDENTIFIER = com.danielperez.RodoSampleAppTests;
				PRODUCT_NAME = "$(TARGET_NAME)";
				SWIFT_EMIT_LOC_STRINGS = NO;
				SWIFT_VERSION = 5.0;
				TARGETED_DEVICE_FAMILY = "1,2";
				TEST_HOST = "$(BUILT_PRODUCTS_DIR)/RodoSampleApp.app/$(BUNDLE_EXECUTABLE_FOLDER_PATH)/RodoSampleApp";
			};
			name = Debug;
		};
		08AF3B4B298183BD006B89D4 /* Release */ = {
			isa = XCBuildConfiguration;
			buildSettings = {
				ALWAYS_EMBED_SWIFT_STANDARD_LIBRARIES = YES;
				BUNDLE_LOADER = "$(TEST_HOST)";
				CODE_SIGN_STYLE = Automatic;
				CURRENT_PROJECT_VERSION = 1;
				GENERATE_INFOPLIST_FILE = YES;
				IPHONEOS_DEPLOYMENT_TARGET = 16.2;
				MARKETING_VERSION = 1.0;
				PRODUCT_BUNDLE_IDENTIFIER = com.danielperez.RodoSampleAppTests;
				PRODUCT_NAME = "$(TARGET_NAME)";
				SWIFT_EMIT_LOC_STRINGS = NO;
				SWIFT_VERSION = 5.0;
				TARGETED_DEVICE_FAMILY = "1,2";
				TEST_HOST = "$(BUILT_PRODUCTS_DIR)/RodoSampleApp.app/$(BUNDLE_EXECUTABLE_FOLDER_PATH)/RodoSampleApp";
			};
			name = Release;
		};
		08AF3B4D298183BD006B89D4 /* Debug */ = {
			isa = XCBuildConfiguration;
			buildSettings = {
				ALWAYS_EMBED_SWIFT_STANDARD_LIBRARIES = YES;
				CODE_SIGN_STYLE = Automatic;
				CURRENT_PROJECT_VERSION = 1;
				GENERATE_INFOPLIST_FILE = YES;
				MARKETING_VERSION = 1.0;
				PRODUCT_BUNDLE_IDENTIFIER = com.danielperez.RodoSampleAppUITests;
				PRODUCT_NAME = "$(TARGET_NAME)";
				SWIFT_EMIT_LOC_STRINGS = NO;
				SWIFT_VERSION = 5.0;
				TARGETED_DEVICE_FAMILY = "1,2";
				TEST_TARGET_NAME = RodoSampleApp;
			};
			name = Debug;
		};
		08AF3B4E298183BD006B89D4 /* Release */ = {
			isa = XCBuildConfiguration;
			buildSettings = {
				ALWAYS_EMBED_SWIFT_STANDARD_LIBRARIES = YES;
				CODE_SIGN_STYLE = Automatic;
				CURRENT_PROJECT_VERSION = 1;
				GENERATE_INFOPLIST_FILE = YES;
				MARKETING_VERSION = 1.0;
				PRODUCT_BUNDLE_IDENTIFIER = com.danielperez.RodoSampleAppUITests;
				PRODUCT_NAME = "$(TARGET_NAME)";
				SWIFT_EMIT_LOC_STRINGS = NO;
				SWIFT_VERSION = 5.0;
				TARGETED_DEVICE_FAMILY = "1,2";
				TEST_TARGET_NAME = RodoSampleApp;
			};
			name = Release;
		};
/* End XCBuildConfiguration section */

/* Begin XCConfigurationList section */
		08AF3B17298183BB006B89D4 /* Build configuration list for PBXProject "RodoSampleApp" */ = {
			isa = XCConfigurationList;
			buildConfigurations = (
				08AF3B44298183BD006B89D4 /* Debug */,
				08AF3B45298183BD006B89D4 /* Release */,
			);
			defaultConfigurationIsVisible = 0;
			defaultConfigurationName = Release;
		};
		08AF3B46298183BD006B89D4 /* Build configuration list for PBXNativeTarget "RodoSampleApp" */ = {
			isa = XCConfigurationList;
			buildConfigurations = (
				08AF3B47298183BD006B89D4 /* Debug */,
				08AF3B48298183BD006B89D4 /* Release */,
			);
			defaultConfigurationIsVisible = 0;
			defaultConfigurationName = Release;
		};
		08AF3B49298183BD006B89D4 /* Build configuration list for PBXNativeTarget "RodoSampleAppTests" */ = {
			isa = XCConfigurationList;
			buildConfigurations = (
				08AF3B4A298183BD006B89D4 /* Debug */,
				08AF3B4B298183BD006B89D4 /* Release */,
			);
			defaultConfigurationIsVisible = 0;
			defaultConfigurationName = Release;
		};
		08AF3B4C298183BD006B89D4 /* Build configuration list for PBXNativeTarget "RodoSampleAppUITests" */ = {
			isa = XCConfigurationList;
			buildConfigurations = (
				08AF3B4D298183BD006B89D4 /* Debug */,
				08AF3B4E298183BD006B89D4 /* Release */,
			);
			defaultConfigurationIsVisible = 0;
			defaultConfigurationName = Release;
		};
/* End XCConfigurationList section */
	};
	rootObject = 08AF3B14298183BB006B89D4 /* Project object */;
}
